
Microsoft Visual Studio Solution File, Format Version 12.00
# Visual Studio 15
VisualStudioVersion = 15.0.28307.168
MinimumVisualStudioVersion = 10.0.40219.1
Project("{FAE04EC0-301F-11D3-BF4B-00C04F79EFBC}") = "Blokee.Activities", "Blokee.Activities\Blokee.Activities.csproj", "{E72A210A-373E-4A7F-97E1-6CA1D837771B}"
EndProject
Project("{FAE04EC0-301F-11D3-BF4B-00C04F79EFBC}") = "TestConsoleApplication", "TestConsoleApplication\TestConsoleApplication.csproj", "{AB3ED4EA-D231-48E6-A69E-DB0880A30C0E}"
EndProject
Global
	GlobalSection(SolutionConfigurationPlatforms) = preSolution
		Debug|Any CPU = Debug|Any CPU
		Release|Any CPU = Release|Any CPU
	EndGlobalSection
	GlobalSection(ProjectConfigurationPlatforms) = postSolution
		{E72A210A-373E-4A7F-97E1-6CA1D837771B}.Debug|Any CPU.ActiveCfg = Debug|Any CPU
		{E72A210A-373E-4A7F-97E1-6CA1D837771B}.Debug|Any CPU.Build.0 = Debug|Any CPU
		{E72A210A-373E-4A7F-97E1-6CA1D837771B}.Release|Any CPU.ActiveCfg = Release|Any CPU
		{E72A210A-373E-4A7F-97E1-6CA1D837771B}.Release|Any CPU.Build.0 = Release|Any CPU
		{AB3ED4EA-D231-48E6-A69E-DB0880A30C0E}.Debug|Any CPU.ActiveCfg = Debug|Any CPU
		{AB3ED4EA-D231-48E6-A69E-DB0880A30C0E}.Debug|Any CPU.Build.0 = Debug|Any CPU
		{AB3ED4EA-D231-48E6-A69E-DB0880A30C0E}.Release|Any CPU.ActiveCfg = Release|Any CPU
		{AB3ED4EA-D231-48E6-A69E-DB0880A30C0E}.Release|Any CPU.Build.0 = Release|Any CPU
	EndGlobalSection
	GlobalSection(SolutionProperties) = preSolution
		HideSolutionNode = FALSE
	EndGlobalSection
	GlobalSection(ExtensibilityGlobals) = postSolution
		SolutionGuid = {21D7FE4E-D43F-4DEA-8779-D34A8A0FC80C}
	EndGlobalSection
EndGlobal
